<?xml version="1.0" encoding="utf-8"?>
<Project ToolsVersion="4.0" xmlns="http://schemas.microsoft.com/developer/msbuild/2003">
  <ItemGroup>
    <Filter Include="Precompiled">
      <UniqueIdentifier>{93995380-89BD-4b04-88EB-625FBE52EBFB}</UniqueIdentifier>
      <Extensions>h;hh;hpp;hxx;hm;inl;inc;xsd</Extensions>
    </Filter>
    <Filter Include="Grid">
      <UniqueIdentifier>{d8f9a0e0-95ba-4910-9775-c242544ec65b}</UniqueIdentifier>
    </Filter>
    <Filter Include="Game">
      <UniqueIdentifier>{59c89df0-3045-494e-a851-06ac1413128c}</UniqueIdentifier>
    </Filter>
    <Filter Include="Data">
      <UniqueIdentifier>{b2f8ec98-955b-4d5c-b359-a1b483820e7e}</UniqueIdentifier>
    </Filter>
    <Filter Include="Pathfinder">
      <UniqueIdentifier>{31af92a2-9882-447b-88d6-10fdca0d391a}</UniqueIdentifier>
    </Filter>
  </ItemGroup>
  <ItemGroup>
    <ClCompile Include="Precompiler.cpp">
      <Filter>Precompiled</Filter>
    </ClCompile>
    <ClCompile Include="main.cpp" />
    <ClCompile Include="Grid.cpp">
      <Filter>Grid</Filter>
    </ClCompile>
    <ClCompile Include="Game.cpp">
      <Filter>Game</Filter>
    </ClCompile>
    <ClCompile Include="Pathfinder.cpp" />
  </ItemGroup>
  <ItemGroup>
    <ClInclude Include="Precompiled.h">
      <Filter>Precompiled</Filter>
    </ClInclude>
    <ClInclude Include="Grid.h">
      <Filter>Grid</Filter>
    </ClInclude>
    <ClInclude Include="Game.h">
      <Filter>Game</Filter>
    </ClInclude>
    <ClInclude Include="Pathfinder.h">
      <Filter>Precompiled</Filter>
    </ClInclude>
  </ItemGroup>
  <ItemGroup>
    <None Include="sge.ini">
      <Filter>Data</Filter>
    </None>
  </ItemGroup>
</Project>