<?xml version="1.0" encoding="utf-8"?>
<Project ToolsVersion="4.0" xmlns="http://schemas.microsoft.com/developer/msbuild/2003">
  <ItemGroup>
    <Filter Include="Audio">
      <UniqueIdentifier>{a031876a-2437-4060-91f2-ede522ec7938}</UniqueIdentifier>
    </Filter>
    <Filter Include="Core">
      <UniqueIdentifier>{3ec673cd-03ad-423f-937b-e91af483a433}</UniqueIdentifier>
    </Filter>
    <Filter Include="Graphics">
      <UniqueIdentifier>{56d5287a-afd8-482a-8609-487250c31f63}</UniqueIdentifier>
    </Filter>
    <Filter Include="Input">
      <UniqueIdentifier>{c0e71e55-40dd-430c-b245-e75ce8780ee0}</UniqueIdentifier>
    </Filter>
    <Filter Include="Misc">
      <UniqueIdentifier>{2874f65d-c182-44a4-9378-940124d1f7fe}</UniqueIdentifier>
    </Filter>
    <Filter Include="Resource">
      <UniqueIdentifier>{8164c85b-23dc-49b0-9da6-c365249b09c9}</UniqueIdentifier>
    </Filter>
    <Filter Include="Utility">
      <UniqueIdentifier>{fb23f664-698b-49e8-a8d4-0f6d19a6b5a3}</UniqueIdentifier>
    </Filter>
  </ItemGroup>
  <ItemGroup>
    <ClInclude Include="Audio\Audio.h">
      <Filter>Audio</Filter>
    </ClInclude>
    <ClInclude Include="Audio\CFMOD.h">
      <Filter>Audio</Filter>
    </ClInclude>
    <ClInclude Include="Audio\CSound.h">
      <Filter>Audio</Filter>
    </ClInclude>
    <ClInclude Include="Core\CApplication.h">
      <Filter>Core</Filter>
    </ClInclude>
    <ClInclude Include="Core\CLog.h">
      <Filter>Core</Filter>
    </ClInclude>
    <ClInclude Include="Core\Core.h">
      <Filter>Core</Filter>
    </ClInclude>
    <ClInclude Include="Core\CTimer.h">
      <Filter>Core</Filter>
    </ClInclude>
    <ClInclude Include="Graphics\CDXGraphics.h">
      <Filter>Graphics</Filter>
    </ClInclude>
    <ClInclude Include="Graphics\CFont.h">
      <Filter>Graphics</Filter>
    </ClInclude>
    <ClInclude Include="Graphics\CSprite.h">
      <Filter>Graphics</Filter>
    </ClInclude>
    <ClInclude Include="Graphics\CSpriteRenderer.h">
      <Filter>Graphics</Filter>
    </ClInclude>
    <ClInclude Include="Graphics\CTexture.h">
      <Filter>Graphics</Filter>
    </ClInclude>
    <ClInclude Include="Graphics\CWireFrame.h">
      <Filter>Graphics</Filter>
    </ClInclude>
    <ClInclude Include="Graphics\Graphics.h">
      <Filter>Graphics</Filter>
    </ClInclude>
    <ClInclude Include="Input\CDXInput.h">
      <Filter>Input</Filter>
    </ClInclude>
    <ClInclude Include="Input\Input.h">
      <Filter>Input</Filter>
    </ClInclude>
    <ClInclude Include="Input\InputTypes.h">
      <Filter>Input</Filter>
    </ClInclude>
    <ClInclude Include="Misc\CIniFile.h">
      <Filter>Misc</Filter>
    </ClInclude>
    <ClInclude Include="Misc\CSplashScreen.h">
      <Filter>Misc</Filter>
    </ClInclude>
    <ClInclude Include="Misc\Misc.h">
      <Filter>Misc</Filter>
    </ClInclude>
    <ClInclude Include="Resource\CResource.h">
      <Filter>Resource</Filter>
    </ClInclude>
    <ClInclude Include="Resource\CResourceManager.h">
      <Filter>Resource</Filter>
    </ClInclude>
    <ClInclude Include="Resource\Resource.h">
      <Filter>Resource</Filter>
    </ClInclude>
    <ClInclude Include="Utility\Debug.h">
      <Filter>Utility</Filter>
    </ClInclude>
    <ClInclude Include="Utility\Key.h">
      <Filter>Utility</Filter>
    </ClInclude>
    <ClInclude Include="Utility\Random.h">
      <Filter>Utility</Filter>
    </ClInclude>
    <ClInclude Include="Utility\Utility.h">
      <Filter>Utility</Filter>
    </ClInclude>
    <ClInclude Include="SGE.h" />
    <ClInclude Include="SGE_Audio.h" />
    <ClInclude Include="SGE_Graphics.h" />
    <ClInclude Include="SGE_Input.h" />
    <ClInclude Include="SGE_Math.h" />
    <ClInclude Include="SGE_UI.h" />
  </ItemGroup>
  <ItemGroup>
    <ClCompile Include="Audio\CFMOD.cpp">
      <Filter>Audio</Filter>
    </ClCompile>
    <ClCompile Include="Audio\CSound.cpp">
      <Filter>Audio</Filter>
    </ClCompile>
    <ClCompile Include="Core\CApplication.cpp">
      <Filter>Core</Filter>
    </ClCompile>
    <ClCompile Include="Core\CLog.cpp">
      <Filter>Core</Filter>
    </ClCompile>
    <ClCompile Include="Core\CTimer.cpp">
      <Filter>Core</Filter>
    </ClCompile>
    <ClCompile Include="Graphics\CDXGraphics.cpp">
      <Filter>Graphics</Filter>
    </ClCompile>
    <ClCompile Include="Graphics\CFont.cpp">
      <Filter>Graphics</Filter>
    </ClCompile>
    <ClCompile Include="Graphics\CSprite.cpp">
      <Filter>Graphics</Filter>
    </ClCompile>
    <ClCompile Include="Graphics\CSpriteRenderer.cpp">
      <Filter>Graphics</Filter>
    </ClCompile>
    <ClCompile Include="Graphics\CTexture.cpp">
      <Filter>Graphics</Filter>
    </ClCompile>
    <ClCompile Include="Graphics\CWireFrame.cpp">
      <Filter>Graphics</Filter>
    </ClCompile>
    <ClCompile Include="Input\CDXInput.cpp">
      <Filter>Input</Filter>
    </ClCompile>
    <ClCompile Include="Misc\CIniFile.cpp">
      <Filter>Misc</Filter>
    </ClCompile>
    <ClCompile Include="Misc\CSplashScreen.cpp">
      <Filter>Misc</Filter>
    </ClCompile>
    <ClCompile Include="Resource\CResource.cpp">
      <Filter>Resource</Filter>
    </ClCompile>
    <ClCompile Include="Resource\CResourceManager.cpp">
      <Filter>Resource</Filter>
    </ClCompile>
    <ClCompile Include="Utility\Debug.cpp">
      <Filter>Utility</Filter>
    </ClCompile>
    <ClCompile Include="SGE.cpp" />
    <ClCompile Include="SGE_Audio.cpp" />
    <ClCompile Include="SGE_Graphics.cpp" />
    <ClCompile Include="SGE_Math.cpp" />
    <ClCompile Include="SGE_UI.cpp" />
  </ItemGroup>
</Project>